
Microsoft Visual Studio Solution File, Format Version 12.00
# Visual Studio Version 17
VisualStudioVersion = 17.9.34728.123
MinimumVisualStudioVersion = 10.0.40219.1
Project("{FAE04EC0-301F-11D3-BF4B-00C04F79EFBC}") = "TpBoleto2", "TpBoleto2\TpBoleto2.csproj", "{8E4C23EF-C373-47A7-8267-9C1456EA31D8}"
EndProject
Project("{FAE04EC0-301F-11D3-BF4B-00C04F79EFBC}") = "TestTPBoleto2", "TestTPBoleto2\TestTPBoleto2.csproj", "{FC4F0920-B099-42D8-8475-98A084C03F1C}"
EndProject
Global
	GlobalSection(SolutionConfigurationPlatforms) = preSolution
		Debug|Any CPU = Debug|Any CPU
		Release|Any CPU = Release|Any CPU
	EndGlobalSection
	GlobalSection(ProjectConfigurationPlatforms) = postSolution
		{8E4C23EF-C373-47A7-8267-9C1456EA31D8}.Debug|Any CPU.ActiveCfg = Debug|Any CPU
		{8E4C23EF-C373-47A7-8267-9C1456EA31D8}.Debug|Any CPU.Build.0 = Debug|Any CPU
		{8E4C23EF-C373-47A7-8267-9C1456EA31D8}.Release|Any CPU.ActiveCfg = Release|Any CPU
		{8E4C23EF-C373-47A7-8267-9C1456EA31D8}.Release|Any CPU.Build.0 = Release|Any CPU
		{FC4F0920-B099-42D8-8475-98A084C03F1C}.Debug|Any CPU.ActiveCfg = Debug|Any CPU
		{FC4F0920-B099-42D8-8475-98A084C03F1C}.Debug|Any CPU.Build.0 = Debug|Any CPU
		{FC4F0920-B099-42D8-8475-98A084C03F1C}.Release|Any CPU.ActiveCfg = Release|Any CPU
		{FC4F0920-B099-42D8-8475-98A084C03F1C}.Release|Any CPU.Build.0 = Release|Any CPU
	EndGlobalSection
	GlobalSection(SolutionProperties) = preSolution
		HideSolutionNode = FALSE
	EndGlobalSection
	GlobalSection(ExtensibilityGlobals) = postSolution
		SolutionGuid = {79CC1CCF-363B-4176-A402-240F32B2360C}
	EndGlobalSection
EndGlobal
